{
  "originHash" : "7b2da1b51bd8fe5587f7e0b95173f6aeb9961193939400aadbb573ab9291f795",
  "pins" : [
    {
      "identity" : "swiftui-flow",
      "kind" : "remoteSourceControl",
      "location" : "https://github.com/tevelee/SwiftUI-Flow.git",
      "state" : {
        "revision" : "5fdf6ba33c17b0835db9e9523d9c7d56d9d626c0",
        "version" : "2.3.0"
      }
    }
  ],
  "version" : 3
}
